// !$*UTF8*$!
{
	archiveVersion = 1;
	classes = {
	};
	objectVersion = 50;
	objects = {

/* Begin PBXBuildFile section */
		F51FF41822257B840075C803 /* PagingMenuControllerCustomizable.swift in Sources */ = {isa = PBXBuildFile; fileRef = F51FF41722257B840075C803 /* PagingMenuControllerCustomizable.swift */; };
		F51FF41A2226B14E0075C803 /* MenuViewCustomizable.swift in Sources */ = {isa = PBXBuildFile; fileRef = F51FF4192226B14E0075C803 /* MenuViewCustomizable.swift */; };
		F51FF41C2226BAAF0075C803 /* MenuItemViewCustomizable.swift in Sources */ = {isa = PBXBuildFile; fileRef = F51FF41B2226BAAF0075C803 /* MenuItemViewCustomizable.swift */; };
		F51FF41E2226C3DC0075C803 /* Pagable.swift in Sources */ = {isa = PBXBuildFile; fileRef = F51FF41D2226C3DC0075C803 /* Pagable.swift */; };
		F51FF420222D2C8B0075C803 /* PagingMenuController.swift in Sources */ = {isa = PBXBuildFile; fileRef = F51FF41F222D2C8B0075C803 /* PagingMenuController.swift */; };
		F51FF422222D2CA90075C803 /* MenuView.swift in Sources */ = {isa = PBXBuildFile; fileRef = F51FF421222D2CA90075C803 /* MenuView.swift */; };
		F51FF424222D2CB60075C803 /* MenuItemView.swift in Sources */ = {isa = PBXBuildFile; fileRef = F51FF423222D2CB60075C803 /* MenuItemView.swift */; };
		F5F308CE222571EF00300A02 /* AppDelegate.swift in Sources */ = {isa = PBXBuildFile; fileRef = F5F308CD222571EF00300A02 /* AppDelegate.swift */; };
		F5F308D0222571EF00300A02 /* RootViewController.swift in Sources */ = {isa = PBXBuildFile; fileRef = F5F308CF222571EF00300A02 /* RootViewController.swift */; };
		F5F308D3222571EF00300A02 /* Main.storyboard in Resources */ = {isa = PBXBuildFile; fileRef = F5F308D1222571EF00300A02 /* Main.storyboard */; };
		F5F308D5222571F000300A02 /* Assets.xcassets in Resources */ = {isa = PBXBuildFile; fileRef = F5F308D4222571F000300A02 /* Assets.xcassets */; };
		F5F308D8222571F000300A02 /* LaunchScreen.storyboard in Resources */ = {isa = PBXBuildFile; fileRef = F5F308D6222571F000300A02 /* LaunchScreen.storyboard */; };
		F5F308E12225783600300A02 /* PagingViewController.swift in Sources */ = {isa = PBXBuildFile; fileRef = F5F308E02225783600300A02 /* PagingViewController.swift */; };
/* End PBXBuildFile section */

/* Begin PBXFileReference section */
		F51FF41722257B840075C803 /* PagingMenuControllerCustomizable.swift */ = {isa = PBXFileReference; lastKnownFileType = sourcecode.swift; path = PagingMenuControllerCustomizable.swift; sourceTree = "<group>"; };
		F51FF4192226B14E0075C803 /* MenuViewCustomizable.swift */ = {isa = PBXFileReference; lastKnownFileType = sourcecode.swift; path = MenuViewCustomizable.swift; sourceTree = "<group>"; };
		F51FF41B2226BAAF0075C803 /* MenuItemViewCustomizable.swift */ = {isa = PBXFileReference; lastKnownFileType = sourcecode.swift; path = MenuItemViewCustomizable.swift; sourceTree = "<group>"; };
		F51FF41D2226C3DC0075C803 /* Pagable.swift */ = {isa = PBXFileReference; lastKnownFileType = sourcecode.swift; path = Pagable.swift; sourceTree = "<group>"; };
		F51FF41F222D2C8B0075C803 /* PagingMenuController.swift */ = {isa = PBXFileReference; lastKnownFileType = sourcecode.swift; path = PagingMenuController.swift; sourceTree = "<group>"; };
		F51FF421222D2CA90075C803 /* MenuView.swift */ = {isa = PBXFileReference; lastKnownFileType = sourcecode.swift; path = MenuView.swift; sourceTree = "<group>"; };
		F51FF423222D2CB60075C803 /* MenuItemView.swift */ = {isa = PBXFileReference; lastKnownFileType = sourcecode.swift; path = MenuItemView.swift; sourceTree = "<group>"; };
		F5F308CA222571EF00300A02 /* PagingMenuControllerDemo.app */ = {isa = PBXFileReference; explicitFileType = wrapper.application; includeInIndex = 0; path = PagingMenuControllerDemo.app; sourceTree = BUILT_PRODUCTS_DIR; };
		F5F308CD222571EF00300A02 /* AppDelegate.swift */ = {isa = PBXFileReference; lastKnownFileType = sourcecode.swift; path = AppDelegate.swift; sourceTree = "<group>"; };
		F5F308CF222571EF00300A02 /* RootViewController.swift */ = {isa = PBXFileReference; lastKnownFileType = sourcecode.swift; path = RootViewController.swift; sourceTree = "<group>"; };
		F5F308D2222571EF00300A02 /* Base */ = {isa = PBXFileReference; lastKnownFileType = file.storyboard; name = Base; path = Base.lproj/Main.storyboard; sourceTree = "<group>"; };
		F5F308D4222571F000300A02 /* Assets.xcassets */ = {isa = PBXFileReference; lastKnownFileType = folder.assetcatalog; path = Assets.xcassets; sourceTree = "<group>"; };
		F5F308D7222571F000300A02 /* Base */ = {isa = PBXFileReference; lastKnownFileType = file.storyboard; name = Base; path = Base.lproj/LaunchScreen.storyboard; sourceTree = "<group>"; };
		F5F308D9222571F000300A02 /* Info.plist */ = {isa = PBXFileReference; lastKnownFileType = text.plist.xml; path = Info.plist; sourceTree = "<group>"; };
		F5F308E02225783600300A02 /* PagingViewController.swift */ = {isa = PBXFileReference; lastKnownFileType = sourcecode.swift; path = PagingViewController.swift; sourceTree = "<group>"; };
/* End PBXFileReference section */

/* Begin PBXFrameworksBuildPhase section */
		F5F308C7222571EF00300A02 /* Frameworks */ = {
			isa = PBXFrameworksBuildPhase;
			buildActionMask = 2147483647;
			files = (
			);
			runOnlyForDeploymentPostprocessing = 0;
		};
/* End PBXFrameworksBuildPhase section */

/* Begin PBXGroup section */
		F51FF41622257B6C0075C803 /* Protocols */ = {
			isa = PBXGroup;
			children = (
				F51FF41722257B840075C803 /* PagingMenuControllerCustomizable.swift */,
				F51FF41B2226BAAF0075C803 /* MenuItemViewCustomizable.swift */,
				F51FF4192226B14E0075C803 /* MenuViewCustomizable.swift */,
				F51FF41D2226C3DC0075C803 /* Pagable.swift */,
			);
			path = Protocols;
			sourceTree = "<group>";
		};
		F5F308C1222571EF00300A02 = {
			isa = PBXGroup;
			children = (
				F5F308CC222571EF00300A02 /* PagingMenuControllerDemo */,
				F5F308CB222571EF00300A02 /* Products */,
			);
			sourceTree = "<group>";
		};
		F5F308CB222571EF00300A02 /* Products */ = {
			isa = PBXGroup;
			children = (
				F5F308CA222571EF00300A02 /* PagingMenuControllerDemo.app */,
			);
			name = Products;
			sourceTree = "<group>";
		};
		F5F308CC222571EF00300A02 /* PagingMenuControllerDemo */ = {
			isa = PBXGroup;
			children = (
				F5F308DF2225781D00300A02 /* PagingMenuController */,
				F5F308CD222571EF00300A02 /* AppDelegate.swift */,
				F5F308CF222571EF00300A02 /* RootViewController.swift */,
				F5F308D1222571EF00300A02 /* Main.storyboard */,
				F5F308D4222571F000300A02 /* Assets.xcassets */,
				F5F308D6222571F000300A02 /* LaunchScreen.storyboard */,
				F5F308D9222571F000300A02 /* Info.plist */,
			);
			path = PagingMenuControllerDemo;
			sourceTree = "<group>";
		};
		F5F308DF2225781D00300A02 /* PagingMenuController */ = {
			isa = PBXGroup;
			children = (
				F51FF41622257B6C0075C803 /* Protocols */,
				F5F308E02225783600300A02 /* PagingViewController.swift */,
				F51FF41F222D2C8B0075C803 /* PagingMenuController.swift */,
				F51FF421222D2CA90075C803 /* MenuView.swift */,
				F51FF423222D2CB60075C803 /* MenuItemView.swift */,
			);
			path = PagingMenuController;
			sourceTree = "<group>";
		};
/* End PBXGroup section */

/* Begin PBXNativeTarget section */
		F5F308C9222571EF00300A02 /* PagingMenuControllerDemo */ = {
			isa = PBXNativeTarget;
			buildConfigurationList = F5F308DC222571F000300A02 /* Build configuration list for PBXNativeTarget "PagingMenuControllerDemo" */;
			buildPhases = (
				F5F308C6222571EF00300A02 /* Sources */,
				F5F308C7222571EF00300A02 /* Frameworks */,
				F5F308C8222571EF00300A02 /* Resources */,
			);
			buildRules = (
			);
			dependencies = (
			);
			name = PagingMenuControllerDemo;
			productName = PagingMenuControllerDemo;
			productReference = F5F308CA222571EF00300A02 /* PagingMenuControllerDemo.app */;
			productType = "com.apple.product-type.application";
		};
/* End PBXNativeTarget section */

/* Begin PBXProject section */
		F5F308C2222571EF00300A02 /* Project object */ = {
			isa = PBXProject;
			attributes = {
				LastSwiftUpdateCheck = 1010;
				LastUpgradeCheck = 1010;
				ORGANIZATIONNAME = Maple;
				TargetAttributes = {
					F5F308C9222571EF00300A02 = {
						CreatedOnToolsVersion = 10.1;
					};
				};
			};
			buildConfigurationList = F5F308C5222571EF00300A02 /* Build configuration list for PBXProject "PagingMenuControllerDemo" */;
			compatibilityVersion = "Xcode 9.3";
			developmentRegion = en;
			hasScannedForEncodings = 0;
			knownRegions = (
				en,
				Base,
			);
			mainGroup = F5F308C1222571EF00300A02;
			productRefGroup = F5F308CB222571EF00300A02 /* Products */;
			projectDirPath = "";
			projectRoot = "";
			targets = (
				F5F308C9222571EF00300A02 /* PagingMenuControllerDemo */,
			);
		};
/* End PBXProject section */

/* Begin PBXResourcesBuildPhase section */
		F5F308C8222571EF00300A02 /* Resources */ = {
			isa = PBXResourcesBuildPhase;
			buildActionMask = 2147483647;
			files = (
				F5F308D8222571F000300A02 /* LaunchScreen.storyboard in Resources */,
				F5F308D5222571F000300A02 /* Assets.xcassets in Resources */,
				F5F308D3222571EF00300A02 /* Main.storyboard in Resources */,
			);
			runOnlyForDeploymentPostprocessing = 0;
		};
/* End PBXResourcesBuildPhase section */

/* Begin PBXSourcesBuildPhase section */
		F5F308C6222571EF00300A02 /* Sources */ = {
			isa = PBXSourcesBuildPhase;
			buildActionMask = 2147483647;
			files = (
				F51FF41C2226BAAF0075C803 /* MenuItemViewCustomizable.swift in Sources */,
				F5F308E12225783600300A02 /* PagingViewController.swift in Sources */,
				F5F308D0222571EF00300A02 /* RootViewController.swift in Sources */,
				F51FF41A2226B14E0075C803 /* MenuViewCustomizable.swift in Sources */,
				F51FF424222D2CB60075C803 /* MenuItemView.swift in Sources */,
				F51FF422222D2CA90075C803 /* MenuView.swift in Sources */,
				F51FF420222D2C8B0075C803 /* PagingMenuController.swift in Sources */,
				F51FF41822257B840075C803 /* PagingMenuControllerCustomizable.swift in Sources */,
				F5F308CE222571EF00300A02 /* AppDelegate.swift in Sources */,
				F51FF41E2226C3DC0075C803 /* Pagable.swift in Sources */,
			);
			runOnlyForDeploymentPostprocessing = 0;
		};
/* End PBXSourcesBuildPhase section */

/* Begin PBXVariantGroup section */
		F5F308D1222571EF00300A02 /* Main.storyboard */ = {
			isa = PBXVariantGroup;
			children = (
				F5F308D2222571EF00300A02 /* Base */,
			);
			name = Main.storyboard;
			sourceTree = "<group>";
		};
		F5F308D6222571F000300A02 /* LaunchScreen.storyboard */ = {
			isa = PBXVariantGroup;
			children = (
				F5F308D7222571F000300A02 /* Base */,
			);
			name = LaunchScreen.storyboard;
			sourceTree = "<group>";
		};
/* End PBXVariantGroup section */

/* Begin XCBuildConfiguration section */
		F5F308DA222571F000300A02 /* Debug */ = {
			isa = XCBuildConfiguration;
			buildSettings = {
				ALWAYS_SEARCH_USER_PATHS = NO;
				CLANG_ANALYZER_NONNULL = YES;
				CLANG_ANALYZER_NUMBER_OBJECT_CONVERSION = YES_AGGRESSIVE;
				CLANG_CXX_LANGUAGE_STANDARD = "gnu++14";
				CLANG_CXX_LIBRARY = "libc++";
				CLANG_ENABLE_MODULES = YES;
				CLANG_ENABLE_OBJC_ARC = YES;
				CLANG_ENABLE_OBJC_WEAK = YES;
				CLANG_WARN_BLOCK_CAPTURE_AUTORELEASING = YES;
				CLANG_WARN_BOOL_CONVERSION = YES;
				CLANG_WARN_COMMA = YES;
				CLANG_WARN_CONSTANT_CONVERSION = YES;
				CLANG_WARN_DEPRECATED_OBJC_IMPLEMENTATIONS = YES;
				CLANG_WARN_DIRECT_OBJC_ISA_USAGE = YES_ERROR;
				CLANG_WARN_DOCUMENTATION_COMMENTS = YES;
				CLANG_WARN_EMPTY_BODY = YES;
				CLANG_WARN_ENUM_CONVERSION = YES;
				CLANG_WARN_INFINITE_RECURSION = YES;
				CLANG_WARN_INT_CONVERSION = YES;
				CLANG_WARN_NON_LITERAL_NULL_CONVERSION = YES;
				CLANG_WARN_OBJC_IMPLICIT_RETAIN_SELF = YES;
				CLANG_WARN_OBJC_LITERAL_CONVERSION = YES;
				CLANG_WARN_OBJC_ROOT_CLASS = YES_ERROR;
				CLANG_WARN_RANGE_LOOP_ANALYSIS = YES;
				CLANG_WARN_STRICT_PROTOTYPES = YES;
				CLANG_WARN_SUSPICIOUS_MOVE = YES;
				CLANG_WARN_UNGUARDED_AVAILABILITY = YES_AGGRESSIVE;
				CLANG_WARN_UNREACHABLE_CODE = YES;
				CLANG_WARN__DUPLICATE_METHOD_MATCH = YES;
				CODE_SIGN_IDENTITY = "iPhone Developer";
				COPY_PHASE_STRIP = NO;
				DEBUG_INFORMATION_FORMAT = dwarf;
				ENABLE_STRICT_OBJC_MSGSEND = YES;
				ENABLE_TESTABILITY = YES;
				GCC_C_LANGUAGE_STANDARD = gnu11;
				GCC_DYNAMIC_NO_PIC = NO;
				GCC_NO_COMMON_BLOCKS = YES;
				GCC_OPTIMIZATION_LEVEL = 0;
				GCC_PREPROCESSOR_DEFINITIONS = (
					"DEBUG=1",
					"$(inherited)",
				);
				GCC_WARN_64_TO_32_BIT_CONVERSION = YES;
				GCC_WARN_ABOUT_RETURN_TYPE = YES_ERROR;
				GCC_WARN_UNDECLARED_SELECTOR = YES;
				GCC_WARN_UNINITIALIZED_AUTOS = YES_AGGRESSIVE;
				GCC_WARN_UNUSED_FUNCTION = YES;
				GCC_WARN_UNUSED_VARIABLE = YES;
				IPHONEOS_DEPLOYMENT_TARGET = 12.1;
				MTL_ENABLE_DEBUG_INFO = INCLUDE_SOURCE;
				MTL_FAST_MATH = YES;
				ONLY_ACTIVE_ARCH = YES;
				SDKROOT = iphoneos;
				SWIFT_ACTIVE_COMPILATION_CONDITIONS = DEBUG;
				SWIFT_OPTIMIZATION_LEVEL = "-Onone";
			};
			name = Debug;
		};
		F5F308DB222571F000300A02 /* Release */ = {
			isa = XCBuildConfiguration;
			buildSettings = {
				ALWAYS_SEARCH_USER_PATHS = NO;
				CLANG_ANALYZER_NONNULL = YES;
				CLANG_ANALYZER_NUMBER_OBJECT_CONVERSION = YES_AGGRESSIVE;
				CLANG_CXX_LANGUAGE_STANDARD = "gnu++14";
				CLANG_CXX_LIBRARY = "libc++";
				CLANG_ENABLE_MODULES = YES;
				CLANG_ENABLE_OBJC_ARC = YES;
				CLANG_ENABLE_OBJC_WEAK = YES;
				CLANG_WARN_BLOCK_CAPTURE_AUTORELEASING = YES;
				CLANG_WARN_BOOL_CONVERSION = YES;
				CLANG_WARN_COMMA = YES;
				CLANG_WARN_CONSTANT_CONVERSION = YES;
				CLANG_WARN_DEPRECATED_OBJC_IMPLEMENTATIONS = YES;
				CLANG_WARN_DIRECT_OBJC_ISA_USAGE = YES_ERROR;
				CLANG_WARN_DOCUMENTATION_COMMENTS = YES;
				CLANG_WARN_EMPTY_BODY = YES;
				CLANG_WARN_ENUM_CONVERSION = YES;
				CLANG_WARN_INFINITE_RECURSION = YES;
				CLANG_WARN_INT_CONVERSION = YES;
				CLANG_WARN_NON_LITERAL_NULL_CONVERSION = YES;
				CLANG_WARN_OBJC_IMPLICIT_RETAIN_SELF = YES;
				CLANG_WARN_OBJC_LITERAL_CONVERSION = YES;
				CLANG_WARN_OBJC_ROOT_CLASS = YES_ERROR;
				CLANG_WARN_RANGE_LOOP_ANALYSIS = YES;
				CLANG_WARN_STRICT_PROTOTYPES = YES;
				CLANG_WARN_SUSPICIOUS_MOVE = YES;
				CLANG_WARN_UNGUARDED_AVAILABILITY = YES_AGGRESSIVE;
				CLANG_WARN_UNREACHABLE_CODE = YES;
				CLANG_WARN__DUPLICATE_METHOD_MATCH = YES;
				CODE_SIGN_IDENTITY = "iPhone Developer";
				COPY_PHASE_STRIP = NO;
				DEBUG_INFORMATION_FORMAT = "dwarf-with-dsym";
				ENABLE_NS_ASSERTIONS = NO;
				ENABLE_STRICT_OBJC_MSGSEND = YES;
				GCC_C_LANGUAGE_STANDARD = gnu11;
				GCC_NO_COMMON_BLOCKS = YES;
				GCC_WARN_64_TO_32_BIT_CONVERSION = YES;
				GCC_WARN_ABOUT_RETURN_TYPE = YES_ERROR;
				GCC_WARN_UNDECLARED_SELECTOR = YES;
				GCC_WARN_UNINITIALIZED_AUTOS = YES_AGGRESSIVE;
				GCC_WARN_UNUSED_FUNCTION = YES;
				GCC_WARN_UNUSED_VARIABLE = YES;
				IPHONEOS_DEPLOYMENT_TARGET = 12.1;
				MTL_ENABLE_DEBUG_INFO = NO;
				MTL_FAST_MATH = YES;
				SDKROOT = iphoneos;
				SWIFT_COMPILATION_MODE = wholemodule;
				SWIFT_OPTIMIZATION_LEVEL = "-O";
				VALIDATE_PRODUCT = YES;
			};
			name = Release;
		};
		F5F308DD222571F000300A02 /* Debug */ = {
			isa = XCBuildConfiguration;
			buildSettings = {
				ASSETCATALOG_COMPILER_APPICON_NAME = AppIcon;
				CODE_SIGN_STYLE = Automatic;
				DEVELOPMENT_TEAM = 722KJB9L65;
				INFOPLIST_FILE = PagingMenuControllerDemo/Info.plist;
				LD_RUNPATH_SEARCH_PATHS = (
					"$(inherited)",
					"@executable_path/Frameworks",
				);
				PRODUCT_BUNDLE_IDENTIFIER = com.maple.www.PagingMenuControllerDemo;
				PRODUCT_NAME = "$(TARGET_NAME)";
				SWIFT_VERSION = 4.2;
				TARGETED_DEVICE_FAMILY = "1,2";
			};
			name = Debug;
		};
		F5F308DE222571F000300A02 /* Release */ = {
			isa = XCBuildConfiguration;
			buildSettings = {
				ASSETCATALOG_COMPILER_APPICON_NAME = AppIcon;
				CODE_SIGN_STYLE = Automatic;
				DEVELOPMENT_TEAM = 722KJB9L65;
				INFOPLIST_FILE = PagingMenuControllerDemo/Info.plist;
				LD_RUNPATH_SEARCH_PATHS = (
					"$(inherited)",
					"@executable_path/Frameworks",
				);
				PRODUCT_BUNDLE_IDENTIFIER = com.maple.www.PagingMenuControllerDemo;
				PRODUCT_NAME = "$(TARGET_NAME)";
				SWIFT_VERSION = 4.2;
				TARGETED_DEVICE_FAMILY = "1,2";
			};
			name = Release;
		};
/* End XCBuildConfiguration section */

/* Begin XCConfigurationList section */
		F5F308C5222571EF00300A02 /* Build configuration list for PBXProject "PagingMenuControllerDemo" */ = {
			isa = XCConfigurationList;
			buildConfigurations = (
				F5F308DA222571F000300A02 /* Debug */,
				F5F308DB222571F000300A02 /* Release */,
			);
			defaultConfigurationIsVisible = 0;
			defaultConfigurationName = Release;
		};
		F5F308DC222571F000300A02 /* Build configuration list for PBXNativeTarget "PagingMenuControllerDemo" */ = {
			isa = XCConfigurationList;
			buildConfigurations = (
				F5F308DD222571F000300A02 /* Debug */,
				F5F308DE222571F000300A02 /* Release */,
			);
			defaultConfigurationIsVisible = 0;
			defaultConfigurationName = Release;
		};
/* End XCConfigurationList section */
	};
	rootObject = F5F308C2222571EF00300A02 /* Project object */;
}
